// !$*UTF8*$!
{
	archiveVersion = 1;
	classes = {
	};
	objectVersion = 46;
	objects = {

/* Begin PBXBuildFile section */
		700651BF1DD47E61006C31D9 /* main.m in Sources */ = {isa = PBXBuildFile; fileRef = 700651BE1DD47E61006C31D9 /* main.m */; };
		700651C21DD47E61006C31D9 /* ProjectAAppDelegate.m in Sources */ = {isa = PBXBuildFile; fileRef = 700651C11DD47E61006C31D9 /* ProjectAAppDelegate.m */; };
		700651C51DD47E61006C31D9 /* ProjectAViewController.m in Sources */ = {isa = PBXBuildFile; fileRef = 700651C41DD47E61006C31D9 /* ProjectAViewController.m */; };
		700651C81DD47E61006C31D9 /* Main.storyboard in Resources */ = {isa = PBXBuildFile; fileRef = 700651C61DD47E61006C31D9 /* Main.storyboard */; };
		700651CA1DD47E61006C31D9 /* Assets.xcassets in Resources */ = {isa = PBXBuildFile; fileRef = 700651C91DD47E61006C31D9 /* Assets.xcassets */; };
		700651CD1DD47E61006C31D9 /* LaunchScreen.storyboard in Resources */ = {isa = PBXBuildFile; fileRef = 700651CB1DD47E61006C31D9 /* LaunchScreen.storyboard */; };
/* End PBXBuildFile section */

/* Begin PBXFileReference section */
		700651BA1DD47E61006C31D9 /* ProjectA.app */ = {isa = PBXFileReference; explicitFileType = wrapper.application; includeInIndex = 0; path = ProjectA.app; sourceTree = BUILT_PRODUCTS_DIR; };
		700651BE1DD47E61006C31D9 /* main.m */ = {isa = PBXFileReference; lastKnownFileType = sourcecode.c.objc; path = main.m; sourceTree = "<group>"; };
		700651C01DD47E61006C31D9 /* ProjectAAppDelegate.h */ = {isa = PBXFileReference; lastKnownFileType = sourcecode.c.h; path = ProjectAAppDelegate.h; sourceTree = "<group>"; };
		700651C11DD47E61006C31D9 /* ProjectAAppDelegate.m */ = {isa = PBXFileReference; lastKnownFileType = sourcecode.c.objc; path = ProjectAAppDelegate.m; sourceTree = "<group>"; };
		700651C31DD47E61006C31D9 /* ProjectAViewController.h */ = {isa = PBXFileReference; lastKnownFileType = sourcecode.c.h; path = ProjectAViewController.h; sourceTree = "<group>"; };
		700651C41DD47E61006C31D9 /* ProjectAViewController.m */ = {isa = PBXFileReference; lastKnownFileType = sourcecode.c.objc; path = ProjectAViewController.m; sourceTree = "<group>"; };
		700651C71DD47E61006C31D9 /* Base */ = {isa = PBXFileReference; lastKnownFileType = file.storyboard; name = Base; path = Base.lproj/Main.storyboard; sourceTree = "<group>"; };
		700651C91DD47E61006C31D9 /* Assets.xcassets */ = {isa = PBXFileReference; lastKnownFileType = folder.assetcatalog; path = Assets.xcassets; sourceTree = "<group>"; };
		700651CC1DD47E61006C31D9 /* Base */ = {isa = PBXFileReference; lastKnownFileType = file.storyboard; name = Base; path = Base.lproj/LaunchScreen.storyboard; sourceTree = "<group>"; };
		700651CE1DD47E61006C31D9 /* Info.plist */ = {isa = PBXFileReference; lastKnownFileType = text.plist.xml; path = Info.plist; sourceTree = "<group>"; };
/* End PBXFileReference section */

/* Begin PBXFrameworksBuildPhase section */
		700651B71DD47E61006C31D9 /* Frameworks */ = {
			isa = PBXFrameworksBuildPhase;
			buildActionMask = 2147483647;
			files = (
			);
			runOnlyForDeploymentPostprocessing = 0;
		};
/* End PBXFrameworksBuildPhase section */

/* Begin PBXGroup section */
		700651B11DD47E61006C31D9 = {
			isa = PBXGroup;
			children = (
				700651BC1DD47E61006C31D9 /* ProjectA */,
				700651BB1DD47E61006C31D9 /* Products */,
			);
			sourceTree = "<group>";
		};
		700651BB1DD47E61006C31D9 /* Products */ = {
			isa = PBXGroup;
			children = (
				700651BA1DD47E61006C31D9 /* ProjectA.app */,
			);
			name = Products;
			sourceTree = "<group>";
		};
		700651BC1DD47E61006C31D9 /* ProjectA */ = {
			isa = PBXGroup;
			children = (
				700651C01DD47E61006C31D9 /* ProjectAAppDelegate.h */,
				700651C11DD47E61006C31D9 /* ProjectAAppDelegate.m */,
				700651C31DD47E61006C31D9 /* ProjectAViewController.h */,
				700651C41DD47E61006C31D9 /* ProjectAViewController.m */,
				700651C61DD47E61006C31D9 /* Main.storyboard */,
				700651C91DD47E61006C31D9 /* Assets.xcassets */,
				700651CB1DD47E61006C31D9 /* LaunchScreen.storyboard */,
				700651CE1DD47E61006C31D9 /* Info.plist */,
				700651BD1DD47E61006C31D9 /* Supporting Files */,
			);
			path = ProjectA;
			sourceTree = "<group>";
		};
		700651BD1DD47E61006C31D9 /* Supporting Files */ = {
			isa = PBXGroup;
			children = (
				700651BE1DD47E61006C31D9 /* main.m */,
			);
			name = "Supporting Files";
			sourceTree = "<group>";
		};
/* End PBXGroup section */

/* Begin PBXNativeTarget section */
		700651B91DD47E61006C31D9 /* ProjectA */ = {
			isa = PBXNativeTarget;
			buildConfigurationList = 700651D11DD47E61006C31D9 /* Build configuration list for PBXNativeTarget "ProjectA" */;
			buildPhases = (
				700651B61DD47E61006C31D9 /* Sources */,
				700651B71DD47E61006C31D9 /* Frameworks */,
				700651B81DD47E61006C31D9 /* Resources */,
			);
			buildRules = (
			);
			dependencies = (
			);
			name = ProjectA;
			productName = ProjectA;
			productReference = 700651BA1DD47E61006C31D9 /* ProjectA.app */;
			productType = "com.apple.product-type.application";
		};
/* End PBXNativeTarget section */

/* Begin PBXProject section */
		700651B21DD47E61006C31D9 /* Project object */ = {
			isa = PBXProject;
			attributes = {
				LastUpgradeCheck = 0800;
				ORGANIZATIONNAME = wyzc;
				TargetAttributes = {
					700651B91DD47E61006C31D9 = {
						CreatedOnToolsVersion = 8.0;
						ProvisioningStyle = Manual;
					};
				};
			};
			buildConfigurationList = 700651B51DD47E61006C31D9 /* Build configuration list for PBXProject "ProjectA" */;
			compatibilityVersion = "Xcode 3.2";
			developmentRegion = English;
			hasScannedForEncodings = 0;
			knownRegions = (
				en,
				Base,
			);
			mainGroup = 700651B11DD47E61006C31D9;
			productRefGroup = 700651BB1DD47E61006C31D9 /* Products */;
			projectDirPath = "";
			projectRoot = "";
			targets = (
				700651B91DD47E61006C31D9 /* ProjectA */,
			);
		};
/* End PBXProject section */

/* Begin PBXResourcesBuildPhase section */
		700651B81DD47E61006C31D9 /* Resources */ = {
			isa = PBXResourcesBuildPhase;
			buildActionMask = 2147483647;
			files = (
				700651CD1DD47E61006C31D9 /* LaunchScreen.storyboard in Resources */,
				700651CA1DD47E61006C31D9 /* Assets.xcassets in Resources */,
				700651C81DD47E61006C31D9 /* Main.storyboard in Resources */,
			);
			runOnlyForDeploymentPostprocessing = 0;
		};
/* End PBXResourcesBuildPhase section */

/* Begin PBXSourcesBuildPhase section */
		700651B61DD47E61006C31D9 /* Sources */ = {
			isa = PBXSourcesBuildPhase;
			buildActionMask = 2147483647;
			files = (
				700651C51DD47E61006C31D9 /* ProjectAViewController.m in Sources */,
				700651C21DD47E61006C31D9 /* ProjectAAppDelegate.m in Sources */,
				700651BF1DD47E61006C31D9 /* main.m in Sources */,
			);
			runOnlyForDeploymentPostprocessing = 0;
		};
/* End PBXSourcesBuildPhase section */

/* Begin PBXVariantGroup section */
		700651C61DD47E61006C31D9 /* Main.storyboard */ = {
			isa = PBXVariantGroup;
			children = (
				700651C71DD47E61006C31D9 /* Base */,
			);
			name = Main.storyboard;
			sourceTree = "<group>";
		};
		700651CB1DD47E61006C31D9 /* LaunchScreen.storyboard */ = {
			isa = PBXVariantGroup;
			children = (
				700651CC1DD47E61006C31D9 /* Base */,
			);
			name = LaunchScreen.storyboard;
			sourceTree = "<group>";
		};
/* End PBXVariantGroup section */

/* Begin XCBuildConfiguration section */
		700651CF1DD47E61006C31D9 /* Debug */ = {
			isa = XCBuildConfiguration;
			buildSettings = {
				ALWAYS_SEARCH_USER_PATHS = NO;
				CLANG_ANALYZER_NONNULL = YES;
				CLANG_CXX_LANGUAGE_STANDARD = "gnu++0x";
				CLANG_CXX_LIBRARY = "libc++";
				CLANG_ENABLE_MODULES = YES;
				CLANG_ENABLE_OBJC_ARC = YES;
				CLANG_WARN_BOOL_CONVERSION = YES;
				CLANG_WARN_CONSTANT_CONVERSION = YES;
				CLANG_WARN_DIRECT_OBJC_ISA_USAGE = YES_ERROR;
				CLANG_WARN_DOCUMENTATION_COMMENTS = YES;
				CLANG_WARN_EMPTY_BODY = YES;
				CLANG_WARN_ENUM_CONVERSION = YES;
				CLANG_WARN_INFINITE_RECURSION = YES;
				CLANG_WARN_INT_CONVERSION = YES;
				CLANG_WARN_OBJC_ROOT_CLASS = YES_ERROR;
				CLANG_WARN_SUSPICIOUS_MOVES = YES;
				CLANG_WARN_UNREACHABLE_CODE = YES;
				CLANG_WARN__DUPLICATE_METHOD_MATCH = YES;
				"CODE_SIGN_IDENTITY[sdk=iphoneos*]" = "iPhone Developer";
				COPY_PHASE_STRIP = NO;
				DEBUG_INFORMATION_FORMAT = dwarf;
				ENABLE_STRICT_OBJC_MSGSEND = YES;
				ENABLE_TESTABILITY = YES;
				GCC_C_LANGUAGE_STANDARD = gnu99;
				GCC_DYNAMIC_NO_PIC = NO;
				GCC_NO_COMMON_BLOCKS = YES;
				GCC_OPTIMIZATION_LEVEL = 0;
				GCC_PREPROCESSOR_DEFINITIONS = (
					"DEBUG=1",
					"$(inherited)",
				);
				GCC_WARN_64_TO_32_BIT_CONVERSION = YES;
				GCC_WARN_ABOUT_RETURN_TYPE = YES_ERROR;
				GCC_WARN_UNDECLARED_SELECTOR = YES;
				GCC_WARN_UNINITIALIZED_AUTOS = YES_AGGRESSIVE;
				GCC_WARN_UNUSED_FUNCTION = YES;
				GCC_WARN_UNUSED_VARIABLE = YES;
				IPHONEOS_DEPLOYMENT_TARGET = 10.0;
				MTL_ENABLE_DEBUG_INFO = YES;
				ONLY_ACTIVE_ARCH = YES;
				SDKROOT = iphoneos;
			};
			name = Debug;
		};
		700651D01DD47E61006C31D9 /* Release */ = {
			isa = XCBuildConfiguration;
			buildSettings = {
				ALWAYS_SEARCH_USER_PATHS = NO;
				CLANG_ANALYZER_NONNULL = YES;
				CLANG_CXX_LANGUAGE_STANDARD = "gnu++0x";
				CLANG_CXX_LIBRARY = "libc++";
				CLANG_ENABLE_MODULES = YES;
				CLANG_ENABLE_OBJC_ARC = YES;
				CLANG_WARN_BOOL_CONVERSION = YES;
				CLANG_WARN_CONSTANT_CONVERSION = YES;
				CLANG_WARN_DIRECT_OBJC_ISA_USAGE = YES_ERROR;
				CLANG_WARN_DOCUMENTATION_COMMENTS = YES;
				CLANG_WARN_EMPTY_BODY = YES;
				CLANG_WARN_ENUM_CONVERSION = YES;
				CLANG_WARN_INFINITE_RECURSION = YES;
				CLANG_WARN_INT_CONVERSION = YES;
				CLANG_WARN_OBJC_ROOT_CLASS = YES_ERROR;
				CLANG_WARN_SUSPICIOUS_MOVES = YES;
				CLANG_WARN_UNREACHABLE_CODE = YES;
				CLANG_WARN__DUPLICATE_METHOD_MATCH = YES;
				"CODE_SIGN_IDENTITY[sdk=iphoneos*]" = "iPhone Developer";
				COPY_PHASE_STRIP = NO;
				DEBUG_INFORMATION_FORMAT = "dwarf-with-dsym";
				ENABLE_NS_ASSERTIONS = NO;
				ENABLE_STRICT_OBJC_MSGSEND = YES;
				GCC_C_LANGUAGE_STANDARD = gnu99;
				GCC_NO_COMMON_BLOCKS = YES;
				GCC_WARN_64_TO_32_BIT_CONVERSION = YES;
				GCC_WARN_ABOUT_RETURN_TYPE = YES_ERROR;
				GCC_WARN_UNDECLARED_SELECTOR = YES;
				GCC_WARN_UNINITIALIZED_AUTOS = YES_AGGRESSIVE;
				GCC_WARN_UNUSED_FUNCTION = YES;
				GCC_WARN_UNUSED_VARIABLE = YES;
				IPHONEOS_DEPLOYMENT_TARGET = 10.0;
				MTL_ENABLE_DEBUG_INFO = NO;
				SDKROOT = iphoneos;
				VALIDATE_PRODUCT = YES;
			};
			name = Release;
		};
		700651D21DD47E61006C31D9 /* Debug */ = {
			isa = XCBuildConfiguration;
			buildSettings = {
				ASSETCATALOG_COMPILER_APPICON_NAME = AppIcon;
				DEVELOPMENT_TEAM = "";
				INFOPLIST_FILE = ProjectA/Info.plist;
				LD_RUNPATH_SEARCH_PATHS = "$(inherited) @executable_path/Frameworks";
				PRODUCT_BUNDLE_IDENTIFIER = wyzc.ProjectA;
				PRODUCT_NAME = "$(TARGET_NAME)";
			};
			name = Debug;
		};
		700651D31DD47E61006C31D9 /* Release */ = {
			isa = XCBuildConfiguration;
			buildSettings = {
				ASSETCATALOG_COMPILER_APPICON_NAME = AppIcon;
				DEVELOPMENT_TEAM = "";
				INFOPLIST_FILE = ProjectA/Info.plist;
				LD_RUNPATH_SEARCH_PATHS = "$(inherited) @executable_path/Frameworks";
				PRODUCT_BUNDLE_IDENTIFIER = wyzc.ProjectA;
				PRODUCT_NAME = "$(TARGET_NAME)";
			};
			name = Release;
		};
/* End XCBuildConfiguration section */

/* Begin XCConfigurationList section */
		700651B51DD47E61006C31D9 /* Build configuration list for PBXProject "ProjectA" */ = {
			isa = XCConfigurationList;
			buildConfigurations = (
				700651CF1DD47E61006C31D9 /* Debug */,
				700651D01DD47E61006C31D9 /* Release */,
			);
			defaultConfigurationIsVisible = 0;
			defaultConfigurationName = Release;
		};
		700651D11DD47E61006C31D9 /* Build configuration list for PBXNativeTarget "ProjectA" */ = {
			isa = XCConfigurationList;
			buildConfigurations = (
				700651D21DD47E61006C31D9 /* Debug */,
				700651D31DD47E61006C31D9 /* Release */,
			);
			defaultConfigurationIsVisible = 0;
			defaultConfigurationName = Release;
		};
/* End XCConfigurationList section */
	};
	rootObject = 700651B21DD47E61006C31D9 /* Project object */;
}
